
Microsoft Visual Studio Solution File, Format Version 12.00
# Visual Studio Version 17
VisualStudioVersion = 17.8.34525.116
MinimumVisualStudioVersion = 10.0.40219.1
Project("{FAE04EC0-301F-11D3-BF4B-00C04F79EFBC}") = "WebApi8", "WebApi8\WebApi8.csproj", "{4C8180C8-10A5-4D4A-BEC4-333EBD8A6D62}"
EndProject
Global
	GlobalSection(SolutionConfigurationPlatforms) = preSolution
		Debug|Any CPU = Debug|Any CPU
		Release|Any CPU = Release|Any CPU
	EndGlobalSection
	GlobalSection(ProjectConfigurationPlatforms) = postSolution
		{4C8180C8-10A5-4D4A-BEC4-333EBD8A6D62}.Debug|Any CPU.ActiveCfg = Debug|Any CPU
		{4C8180C8-10A5-4D4A-BEC4-333EBD8A6D62}.Debug|Any CPU.Build.0 = Debug|Any CPU
		{4C8180C8-10A5-4D4A-BEC4-333EBD8A6D62}.Release|Any CPU.ActiveCfg = Release|Any CPU
		{4C8180C8-10A5-4D4A-BEC4-333EBD8A6D62}.Release|Any CPU.Build.0 = Release|Any CPU
	EndGlobalSection
	GlobalSection(SolutionProperties) = preSolution
		HideSolutionNode = FALSE
	EndGlobalSection
	GlobalSection(ExtensibilityGlobals) = postSolution
		SolutionGuid = {882F21CB-D2A7-4E6D-81D9-6976C6D1D91C}
	EndGlobalSection
EndGlobal
